Microsoft Visual Studio Solution File, Format Version 12.00
# Visual Studio Version 16
VisualStudioVersion = 16.0.0.0
MinimumVisualStudioVersion = 16.0.0.0
Project("{9A19103F-16F7-4668-BE54-9A1E7A4F7556}") = "IKTesting.Windows", "IKTesting.Windows\IKTesting.Windows.csproj", "{A5C520CF-349A-4740-A143-931AF3F2DA1B}"
EndProject
Project("{9A19103F-16F7-4668-BE54-9A1E7A4F7556}") = "IKTesting", "IKTesting\IKTesting.csproj", "{6A37513E-8E4A-4048-96EA-6E284461C2F9}"
EndProject
Global
	GlobalSection(SolutionConfigurationPlatforms) = preSolution
		Debug|Any CPU = Debug|Any CPU
		Release|Any CPU = Release|Any CPU
	EndGlobalSection
	GlobalSection(ProjectConfigurationPlatforms) = postSolution
		{A5C520CF-349A-4740-A143-931AF3F2DA1B}.Debug|Any CPU.ActiveCfg = Debug|Any CPU
		{A5C520CF-349A-4740-A143-931AF3F2DA1B}.Debug|Any CPU.Build.0 = Debug|Any CPU
		{A5C520CF-349A-4740-A143-931AF3F2DA1B}.Release|Any CPU.ActiveCfg = Release|Any CPU
		{A5C520CF-349A-4740-A143-931AF3F2DA1B}.Release|Any CPU.Build.0 = Release|Any CPU
		{6A37513E-8E4A-4048-96EA-6E284461C2F9}.Debug|Any CPU.ActiveCfg = Debug|Any CPU
		{6A37513E-8E4A-4048-96EA-6E284461C2F9}.Debug|Any CPU.Build.0 = Debug|Any CPU
		{6A37513E-8E4A-4048-96EA-6E284461C2F9}.Release|Any CPU.ActiveCfg = Release|Any CPU
		{6A37513E-8E4A-4048-96EA-6E284461C2F9}.Release|Any CPU.Build.0 = Release|Any CPU
	EndGlobalSection
	GlobalSection(SolutionProperties) = preSolution
		HideSolutionNode = FALSE
	EndGlobalSection
	GlobalSection(ExtensibilityGlobals) = postSolution
		SolutionGuid = {5CD44F85-BA88-46FE-8229-0DC5591E5B37}
	EndGlobalSection
EndGlobal
